
Microsoft Visual Studio Solution File, Format Version 12.00
# Visual Studio Version 16
VisualStudioVersion = 16.0.29926.136
MinimumVisualStudioVersion = 10.0.40219.1
Project("{FAE04EC0-301F-11D3-BF4B-00C04F79EFBC}") = "Fizyka_smietnik", "Fizyka_Smietnik\Fizyka_smietnik.csproj", "{6FDEA48E-403E-4532-9E81-8A704F6CDD58}"
EndProject
Global
	GlobalSection(SolutionConfigurationPlatforms) = preSolution
		Debug|Any CPU = Debug|Any CPU
		Release|Any CPU = Release|Any CPU
	EndGlobalSection
	GlobalSection(ProjectConfigurationPlatforms) = postSolution
		{6FDEA48E-403E-4532-9E81-8A704F6CDD58}.Debug|Any CPU.ActiveCfg = Debug|Any CPU
		{6FDEA48E-403E-4532-9E81-8A704F6CDD58}.Debug|Any CPU.Build.0 = Debug|Any CPU
		{6FDEA48E-403E-4532-9E81-8A704F6CDD58}.Release|Any CPU.ActiveCfg = Release|Any CPU
		{6FDEA48E-403E-4532-9E81-8A704F6CDD58}.Release|Any CPU.Build.0 = Release|Any CPU
	EndGlobalSection
	GlobalSection(SolutionProperties) = preSolution
		HideSolutionNode = FALSE
	EndGlobalSection
	GlobalSection(ExtensibilityGlobals) = postSolution
		SolutionGuid = {D220B700-929D-4262-9149-5BEF03A259F6}
	EndGlobalSection
EndGlobal
